github.com/a-h/templ v0.2.778 h1:VzhOuvWECrwOec4790lcLlZpP4Iptt5Q4K9aFxQmtaM=
github.com/a-h/templ v0.2.778/go.mod h1:lq48JXoUvuQrU0VThrK31yFwdRjTCnIE5bcPCM9IP1w=
github.com/a-h/templ v0.2.793/go.mod h1:lq48JXoUvuQrU0VThrK31yFwdRjTCnIE5bcPCM9IP1w=
github.com/golang-jwt/jwt/v5 v5.2.1 h1:OuVbFODueb089Lh128TAcimifWaLhJwVflnrgM17wHk=
github.com/golang-jwt/jwt/v5 v5.2.1/go.mod h1:pqrtFR0X4osieyHYxtmOUWsAWrfe1Q5UVIyoH402zdk=
github.com/google/go-cmp v0.6.0 h1:ofyhxvXcZhMsU5ulbFiLKl/XBFqE1GSq7atu8tAmTRI=
github.com/google/go-cmp v0.6.0/go.mod h1:17dUlkBOakJ0+DkrSSNjCkIjxS6bF9zb3elmeNGIjoY=
github.com/jetnoli/go-router v0.0.0-20241028095340-3aa98a83dab9 h1:Et0yjDY+cPhgDf3kmwsWZRf16TX/8LAqcM0GgmHoN2s=
github.com/jetnoli/go-router v0.0.0-20241028095340-3aa98a83dab9/go.mod h1:Ohqla0zetKtfDZK60ZToNM/iVv0HJeGYJfLGj2mP5Fo=
github.com/jetnoli/go-router v0.0.0-20241102123124-bc6dea53ccef h1:sJ4SI1TAyzO54zK1iCPssxp/1mw9EgVPgCiQu9hez+U=
github.com/jetnoli/go-router v0.0.0-20241102123124-bc6dea53ccef/go.mod h1:Ohqla0zetKtfDZK60ZToNM/iVv0HJeGYJfLGj2mP5Fo=
github.com/jetnoli/go-router v0.0.0-20241102133422-147e650ca9f1 h1:cR7uAlQLqNFMdEDvmz9Qz3uBC5r3uHix2q8cXdcEduw=
github.com/jetnoli/go-router v0.0.0-20241102133422-147e650ca9f1/go.mod h1:Ohqla0zetKtfDZK60ZToNM/iVv0HJeGYJfLGj2mP5Fo=
github.com/jetnoli/go-router v0.0.0-20241103131826-466ebc4b51b5 h1:YAsENfCTiAzw005w/TkOC+6WPX+O9bD1t3mR4vY/e1Y=
github.com/jetnoli/go-router v0.0.0-20241103131826-466ebc4b51b5/go.mod h1:CtomKPEVHLvCevcClC+CBN1g0zB2PzJX+2uTFPd8MYA=
github.com/jetnoli/go-router v0.0.0-20241103143750-b5535719b289 h1:559oq+zmk2PbzrPEquagWH/kxoQBknJfky83l0VulSI=
github.com/jetnoli/go-router v0.0.0-20241103143750-b5535719b289/go.mod h1:CtomKPEVHLvCevcClC+CBN1g0zB2PzJX+2uTFPd8MYA=
github.com/jetnoli/go-router v0.0.0-20241103152346-58353253f570 h1:1apXPcxcHy5Kiq1qM1Ubtecq5sumomYuHRY33IpIUuA=
github.com/jetnoli/go-router v0.0.0-20241103152346-58353253f570/go.mod h1:CtomKPEVHLvCevcClC+CBN1g0zB2PzJX+2uTFPd8MYA=
github.com/jetnoli/go-router v0.0.2-0.20241103170942-b80d8fc7060d h1:I259S04qihcn23F2dD1zoEJp1qCIA4ayqiLaCDNFhZ4=
github.com/jetnoli/go-router v0.0.2-0.20241103170942-b80d8fc7060d/go.mod h1:CtomKPEVHLvCevcClC+CBN1g0zB2PzJX+2uTFPd8MYA=
github.com/jetnoli/go-router v0.0.2-0.20241103185838-1476fd9b49d0 h1:uSesZbU1ff5PBJMNKfMNBN1QCsmbrCXY4u4ex5IQb+o=
github.com/jetnoli/go-router v0.0.2-0.20241103185838-1476fd9b49d0/go.mod h1:CtomKPEVHLvCevcClC+CBN1g0zB2PzJX+2uTFPd8MYA=
github.com/jetnoli/go-router v0.0.2-0.20241103190333-0d8d579bf85d h1:Hv4x2Vjeom+RlzbRqpY4syj94sMdxXA2vYuDffFXsRY=
github.com/jetnoli/go-router v0.0.2-0.20241103190333-0d8d579bf85d/go.mod h1:CtomKPEVHLvCevcClC+CBN1g0zB2PzJX+2uTFPd8MYA=
golang.org/x/crypto v0.25.0 h1:ypSNr+bnYL2YhwoMt2zPxHFmbAN1KZs/njMG3hxUp30=
golang.org/x/crypto v0.25.0/go.mod h1:T+wALwcMOSE0kXgUAnPAHqTLW+XHgcELELW8VaDgm/M=
golang.org/x/sys v0.23.0 h1:YfKFowiIMvtgl1UERQoTPPToxltDeZfbj4H7dVUCwmM=
golang.org/x/sys v0.23.0/go.mod h1:/VUhepiaJMQUp4+oa/7Zr1D23ma6VTLIYjOOTFZPUcA=
